// !$*UTF8*$!
{
	archiveVersion = 1;
	classes = {
	};
	objectVersion = 46;
	objects = {

/* Begin PBXBuildFile section */
		6505FD781DD65690003D2A75 /* HealthKit.framework in Frameworks */ = {isa = PBXBuildFile; fileRef = 6505FD771DD65690003D2A75 /* HealthKit.framework */; };
		6505FD7F1DDCDAE1003D2A75 /* HeartRateInterfaceController.swift in Sources */ = {isa = PBXBuildFile; fileRef = 6505FD7E1DDCDAE1003D2A75 /* HeartRateInterfaceController.swift */; };
		651AB8841DDFB65D001014E8 /* HealthKit.framework in Frameworks */ = {isa = PBXBuildFile; fileRef = 651AB8831DDFB65D001014E8 /* HealthKit.framework */; };
		656583171DE3577E00D61ECF /* Interface.storyboard in Resources */ = {isa = PBXBuildFile; fileRef = 656583161DE3577E00D61ECF /* Interface.storyboard */; };
		657F7AB51DD3864E000D111B /* Assets.xcassets in Resources */ = {isa = PBXBuildFile; fileRef = 657F7AB41DD3864E000D111B /* Assets.xcassets */; };
		657F7ABC1DD3864E000D111B /* Neri_Watch Extension.appex in Embed App Extensions */ = {isa = PBXBuildFile; fileRef = 657F7ABB1DD3864E000D111B /* Neri_Watch Extension.appex */; settings = {ATTRIBUTES = (RemoveHeadersOnCopy, ); }; };
		657F7AC51DD3864E000D111B /* ExtensionDelegate.swift in Sources */ = {isa = PBXBuildFile; fileRef = 657F7AC41DD3864E000D111B /* ExtensionDelegate.swift */; };
		657F7AC71DD3864E000D111B /* NotificationController.swift in Sources */ = {isa = PBXBuildFile; fileRef = 657F7AC61DD3864E000D111B /* NotificationController.swift */; };
		657F7AC91DD3864E000D111B /* Assets.xcassets in Resources */ = {isa = PBXBuildFile; fileRef = 657F7AC81DD3864E000D111B /* Assets.xcassets */; };
		657F7ACD1DD3864E000D111B /* Neri_Watch.app in Embed Watch Content */ = {isa = PBXBuildFile; fileRef = 657F7AAF1DD3864E000D111B /* Neri_Watch.app */; };
		65D170FE1DCCFAD50042E6B3 /* Elder.swift in Sources */ = {isa = PBXBuildFile; fileRef = 65D170FD1DCCFAD50042E6B3 /* Elder.swift */; };
		65D171001DCCFAE00042E6B3 /* Caretaker.swift in Sources */ = {isa = PBXBuildFile; fileRef = 65D170FF1DCCFAE00042E6B3 /* Caretaker.swift */; };
		65D171021DCCFAE90042E6B3 /* User.swift in Sources */ = {isa = PBXBuildFile; fileRef = 65D171011DCCFAE90042E6B3 /* User.swift */; };
		65D171041DCCFDC70042E6B3 /* ErrorType.swift in Sources */ = {isa = PBXBuildFile; fileRef = 65D171031DCCFDC70042E6B3 /* ErrorType.swift */; };
		E10476A61DDF89ED0056D4C5 /* ProgressHUD.swift in Sources */ = {isa = PBXBuildFile; fileRef = E10476A51DDF89ED0056D4C5 /* ProgressHUD.swift */; };
		E10476A81DDF8A900056D4C5 /* Main.storyboard in Resources */ = {isa = PBXBuildFile; fileRef = E10476A71DDF8A900056D4C5 /* Main.storyboard */; };
		E10476AA1DDF8EA70056D4C5 /* GradientView.swift in Sources */ = {isa = PBXBuildFile; fileRef = E10476A91DDF8EA70056D4C5 /* GradientView.swift */; };
		EB5789A01DE21B2000A0FA04 /* EnterCaretakerViewController.swift in Sources */ = {isa = PBXBuildFile; fileRef = EB57899F1DE21B2000A0FA04 /* EnterCaretakerViewController.swift */; };
		EB5789A21DE221DA00A0FA04 /* MainCareTakerViewController.swift in Sources */ = {isa = PBXBuildFile; fileRef = EB5789A11DE221DA00A0FA04 /* MainCareTakerViewController.swift */; };
		EB5789A41DE22E0200A0FA04 /* MapKit.framework in Frameworks */ = {isa = PBXBuildFile; fileRef = EB5789A31DE22E0200A0FA04 /* MapKit.framework */; };
		EB5E7A141DCCF6440073923D /* AppDelegate.swift in Sources */ = {isa = PBXBuildFile; fileRef = EB5E7A131DCCF6440073923D /* AppDelegate.swift */; };
		EB5E7A161DCCF6440073923D /* ViewController.swift in Sources */ = {isa = PBXBuildFile; fileRef = EB5E7A151DCCF6440073923D /* ViewController.swift */; };
		EB5E7A1B1DCCF6440073923D /* Assets.xcassets in Resources */ = {isa = PBXBuildFile; fileRef = EB5E7A1A1DCCF6440073923D /* Assets.xcassets */; };
		EB5E7A1E1DCCF6440073923D /* LaunchScreen.storyboard in Resources */ = {isa = PBXBuildFile; fileRef = EB5E7A1C1DCCF6440073923D /* LaunchScreen.storyboard */; };
		EB8B701E1DE3B469000C9D9A /* CloudKit.framework in Frameworks */ = {isa = PBXBuildFile; fileRef = EB8B701D1DE3B469000C9D9A /* CloudKit.framework */; };
		EB8E50E81DE1EEF600177284 /* ElderInfoViewController.swift in Sources */ = {isa = PBXBuildFile; fileRef = EB8E50E71DE1EEF600177284 /* ElderInfoViewController.swift */; };
		EB8E50EA1DE1F22700177284 /* CloudKitDAO.swift in Sources */ = {isa = PBXBuildFile; fileRef = EB8E50E91DE1F22700177284 /* CloudKitDAO.swift */; };
		EB8E50EE1DE1FB9200177284 /* CloudKit.framework in Frameworks */ = {isa = PBXBuildFile; fileRef = EB8E50ED1DE1FB9200177284 /* CloudKit.framework */; };
		EB8E50F01DE206BE00177284 /* ShareViewController.swift in Sources */ = {isa = PBXBuildFile; fileRef = EB8E50EF1DE206BE00177284 /* ShareViewController.swift */; };
/* End PBXBuildFile section */

/* Begin PBXContainerItemProxy section */
		657F7ABD1DD3864E000D111B /* PBXContainerItemProxy */ = {
			isa = PBXContainerItemProxy;
			containerPortal = EB5E7A081DCCF6440073923D /* Project object */;
			proxyType = 1;
			remoteGlobalIDString = 657F7ABA1DD3864E000D111B;
			remoteInfo = "Neri_Watch Extension";
		};
		657F7ACB1DD3864E000D111B /* PBXContainerItemProxy */ = {
			isa = PBXContainerItemProxy;
			containerPortal = EB5E7A081DCCF6440073923D /* Project object */;
			proxyType = 1;
			remoteGlobalIDString = 657F7AAE1DD3864E000D111B;
			remoteInfo = Neri_Watch;
		};
/* End PBXContainerItemProxy section */

/* Begin PBXCopyFilesBuildPhase section */
		657F7AD31DD3864E000D111B /* Embed App Extensions */ = {
			isa = PBXCopyFilesBuildPhase;
			buildActionMask = 2147483647;
			dstPath = "";
			dstSubfolderSpec = 13;
			files = (
				657F7ABC1DD3864E000D111B /* Neri_Watch Extension.appex in Embed App Extensions */,
			);
			name = "Embed App Extensions";
			runOnlyForDeploymentPostprocessing = 0;
		};
		657F7AD51DD3864E000D111B /* Embed Watch Content */ = {
			isa = PBXCopyFilesBuildPhase;
			buildActionMask = 2147483647;
			dstPath = "$(CONTENTS_FOLDER_PATH)/Watch";
			dstSubfolderSpec = 16;
			files = (
				657F7ACD1DD3864E000D111B /* Neri_Watch.app in Embed Watch Content */,
			);
			name = "Embed Watch Content";
			runOnlyForDeploymentPostprocessing = 0;
		};
/* End PBXCopyFilesBuildPhase section */

/* Begin PBXFileReference section */
		6505FD751DD65690003D2A75 /* Neri.entitlements */ = {isa = PBXFileReference; lastKnownFileType = text.plist.entitlements; path = Neri.entitlements; sourceTree = "<group>"; };
		6505FD771DD65690003D2A75 /* HealthKit.framework */ = {isa = PBXFileReference; lastKnownFileType = wrapper.framework; name = HealthKit.framework; path = System/Library/Frameworks/HealthKit.framework; sourceTree = SDKROOT; };
		6505FD7E1DDCDAE1003D2A75 /* HeartRateInterfaceController.swift */ = {isa = PBXFileReference; fileEncoding = 4; lastKnownFileType = sourcecode.swift; name = HeartRateInterfaceController.swift; path = "Neri_Watch Extension/HeartRateInterfaceController.swift"; sourceTree = SOURCE_ROOT; };
		651AB8831DDFB65D001014E8 /* HealthKit.framework */ = {isa = PBXFileReference; lastKnownFileType = wrapper.framework; name = HealthKit.framework; path = Platforms/WatchOS.platform/Developer/SDKs/WatchOS3.1.sdk/System/Library/Frameworks/HealthKit.framework; sourceTree = DEVELOPER_DIR; };
		651AB8851DDFB65D001014E8 /* Neri_Watch Extension.entitlements */ = {isa = PBXFileReference; lastKnownFileType = text.plist.entitlements; path = "Neri_Watch Extension.entitlements"; sourceTree = "<group>"; };
		656583161DE3577E00D61ECF /* Interface.storyboard */ = {isa = PBXFileReference; fileEncoding = 4; lastKnownFileType = file.storyboard; path = Interface.storyboard; sourceTree = "<group>"; };
		657F7AAF1DD3864E000D111B /* Neri_Watch.app */ = {isa = PBXFileReference; explicitFileType = wrapper.application; includeInIndex = 0; path = Neri_Watch.app; sourceTree = BUILT_PRODUCTS_DIR; };
		657F7AB41DD3864E000D111B /* Assets.xcassets */ = {isa = PBXFileReference; lastKnownFileType = folder.assetcatalog; path = Assets.xcassets; sourceTree = "<group>"; };
		657F7AB61DD3864E000D111B /* Info.plist */ = {isa = PBXFileReference; lastKnownFileType = text.plist.xml; path = Info.plist; sourceTree = "<group>"; };
		657F7ABB1DD3864E000D111B /* Neri_Watch Extension.appex */ = {isa = PBXFileReference; explicitFileType = "wrapper.app-extension"; includeInIndex = 0; path = "Neri_Watch Extension.appex"; sourceTree = BUILT_PRODUCTS_DIR; };
		657F7AC11DD3864E000D111B /* PushNotificationPayload.apns */ = {isa = PBXFileReference; lastKnownFileType = text; path = PushNotificationPayload.apns; sourceTree = "<group>"; };
		657F7AC41DD3864E000D111B /* ExtensionDelegate.swift */ = {isa = PBXFileReference; lastKnownFileType = sourcecode.swift; name = ExtensionDelegate.swift; path = "Neri_Watch Extension/ExtensionDelegate.swift"; sourceTree = SOURCE_ROOT; };
		657F7AC61DD3864E000D111B /* NotificationController.swift */ = {isa = PBXFileReference; lastKnownFileType = sourcecode.swift; name = NotificationController.swift; path = "Neri_Watch Extension/NotificationController.swift"; sourceTree = SOURCE_ROOT; };
		657F7AC81DD3864E000D111B /* Assets.xcassets */ = {isa = PBXFileReference; lastKnownFileType = folder.assetcatalog; path = Assets.xcassets; sourceTree = "<group>"; };
		657F7ACA1DD3864E000D111B /* Info.plist */ = {isa = PBXFileReference; lastKnownFileType = text.plist.xml; path = Info.plist; sourceTree = "<group>"; };
		65D170FD1DCCFAD50042E6B3 /* Elder.swift */ = {isa = PBXFileReference; fileEncoding = 4; lastKnownFileType = sourcecode.swift; path = Elder.swift; sourceTree = "<group>"; };
		65D170FF1DCCFAE00042E6B3 /* Caretaker.swift */ = {isa = PBXFileReference; fileEncoding = 4; lastKnownFileType = sourcecode.swift; path = Caretaker.swift; sourceTree = "<group>"; };
		65D171011DCCFAE90042E6B3 /* User.swift */ = {isa = PBXFileReference; fileEncoding = 4; lastKnownFileType = sourcecode.swift; path = User.swift; sourceTree = "<group>"; };
		65D171031DCCFDC70042E6B3 /* ErrorType.swift */ = {isa = PBXFileReference; fileEncoding = 4; lastKnownFileType = sourcecode.swift; path = ErrorType.swift; sourceTree = "<group>"; };
		E10476A51DDF89ED0056D4C5 /* ProgressHUD.swift */ = {isa = PBXFileReference; fileEncoding = 4; lastKnownFileType = sourcecode.swift; path = ProgressHUD.swift; sourceTree = "<group>"; };
		E10476A71DDF8A900056D4C5 /* Main.storyboard */ = {isa = PBXFileReference; fileEncoding = 4; lastKnownFileType = file.storyboard; path = Main.storyboard; sourceTree = "<group>"; };
		E10476A91DDF8EA70056D4C5 /* GradientView.swift */ = {isa = PBXFileReference; fileEncoding = 4; lastKnownFileType = sourcecode.swift; path = GradientView.swift; sourceTree = "<group>"; };
		EB57899F1DE21B2000A0FA04 /* EnterCaretakerViewController.swift */ = {isa = PBXFileReference; fileEncoding = 4; lastKnownFileType = sourcecode.swift; path = EnterCaretakerViewController.swift; sourceTree = "<group>"; };
		EB5789A11DE221DA00A0FA04 /* MainCareTakerViewController.swift */ = {isa = PBXFileReference; fileEncoding = 4; lastKnownFileType = sourcecode.swift; path = MainCareTakerViewController.swift; sourceTree = "<group>"; };
		EB5789A31DE22E0200A0FA04 /* MapKit.framework */ = {isa = PBXFileReference; lastKnownFileType = wrapper.framework; name = MapKit.framework; path = System/Library/Frameworks/MapKit.framework; sourceTree = SDKROOT; };
		EB5E7A101DCCF6440073923D /* Neri.app */ = {isa = PBXFileReference; explicitFileType = wrapper.application; includeInIndex = 0; path = Neri.app; sourceTree = BUILT_PRODUCTS_DIR; };
		EB5E7A131DCCF6440073923D /* AppDelegate.swift */ = {isa = PBXFileReference; lastKnownFileType = sourcecode.swift; path = AppDelegate.swift; sourceTree = "<group>"; };
		EB5E7A151DCCF6440073923D /* ViewController.swift */ = {isa = PBXFileReference; lastKnownFileType = sourcecode.swift; path = ViewController.swift; sourceTree = "<group>"; };
		EB5E7A1A1DCCF6440073923D /* Assets.xcassets */ = {isa = PBXFileReference; lastKnownFileType = folder.assetcatalog; path = Assets.xcassets; sourceTree = "<group>"; };
		EB5E7A1D1DCCF6440073923D /* Base */ = {isa = PBXFileReference; lastKnownFileType = file.storyboard; name = Base; path = Base.lproj/LaunchScreen.storyboard; sourceTree = "<group>"; };
		EB5E7A1F1DCCF6440073923D /* Info.plist */ = {isa = PBXFileReference; lastKnownFileType = text.plist.xml; path = Info.plist; sourceTree = "<group>"; };
		EB8B701D1DE3B469000C9D9A /* CloudKit.framework */ = {isa = PBXFileReference; lastKnownFileType = wrapper.framework; name = CloudKit.framework; path = Platforms/WatchOS.platform/Developer/SDKs/WatchOS3.1.sdk/System/Library/Frameworks/CloudKit.framework; sourceTree = DEVELOPER_DIR; };
		EB8E50E71DE1EEF600177284 /* ElderInfoViewController.swift */ = {isa = PBXFileReference; fileEncoding = 4; lastKnownFileType = sourcecode.swift; path = ElderInfoViewController.swift; sourceTree = "<group>"; };
		EB8E50E91DE1F22700177284 /* CloudKitDAO.swift */ = {isa = PBXFileReference; fileEncoding = 4; lastKnownFileType = sourcecode.swift; path = CloudKitDAO.swift; sourceTree = "<group>"; };
		EB8E50ED1DE1FB9200177284 /* CloudKit.framework */ = {isa = PBXFileReference; lastKnownFileType = wrapper.framework; name = CloudKit.framework; path = System/Library/Frameworks/CloudKit.framework; sourceTree = SDKROOT; };
		EB8E50EF1DE206BE00177284 /* ShareViewController.swift */ = {isa = PBXFileReference; fileEncoding = 4; lastKnownFileType = sourcecode.swift; path = ShareViewController.swift; sourceTree = "<group>"; };
/* End PBXFileReference section */

/* Begin PBXFrameworksBuildPhase section */
		657F7AB81DD3864E000D111B /* Frameworks */ = {
			isa = PBXFrameworksBuildPhase;
			buildActionMask = 2147483647;
			files = (
				651AB8841DDFB65D001014E8 /* HealthKit.framework in Frameworks */,
				EB8B701E1DE3B469000C9D9A /* CloudKit.framework in Frameworks */,
			);
			runOnlyForDeploymentPostprocessing = 0;
		};
		EB5E7A0D1DCCF6440073923D /* Frameworks */ = {
			isa = PBXFrameworksBuildPhase;
			buildActionMask = 2147483647;
			files = (
				6505FD781DD65690003D2A75 /* HealthKit.framework in Frameworks */,
				EB5789A41DE22E0200A0FA04 /* MapKit.framework in Frameworks */,
				EB8E50EE1DE1FB9200177284 /* CloudKit.framework in Frameworks */,
			);
			runOnlyForDeploymentPostprocessing = 0;
		};
/* End PBXFrameworksBuildPhase section */

/* Begin PBXGroup section */
		6505FD761DD65690003D2A75 /* Frameworks */ = {
			isa = PBXGroup;
			children = (
				EB8B701D1DE3B469000C9D9A /* CloudKit.framework */,
				EB5789A31DE22E0200A0FA04 /* MapKit.framework */,
				EB8E50ED1DE1FB9200177284 /* CloudKit.framework */,
				651AB8831DDFB65D001014E8 /* HealthKit.framework */,
				6505FD771DD65690003D2A75 /* HealthKit.framework */,
			);
			name = Frameworks;
			sourceTree = "<group>";
		};
		657F7AB01DD3864E000D111B /* Neri_Watch */ = {
			isa = PBXGroup;
			children = (
				656583161DE3577E00D61ECF /* Interface.storyboard */,
				657F7AD81DD386AB000D111B /* Supporting Files */,
			);
			path = Neri_Watch;
			sourceTree = "<group>";
		};
		657F7ABF1DD3864E000D111B /* Neri_Watch Extension */ = {
			isa = PBXGroup;
			children = (
				6505FD7E1DDCDAE1003D2A75 /* HeartRateInterfaceController.swift */,
				657F7AC61DD3864E000D111B /* NotificationController.swift */,
				657F7AC41DD3864E000D111B /* ExtensionDelegate.swift */,
				657F7AC01DD3864E000D111B /* Supporting Files */,
			);
			path = "Neri_Watch Extension";
			sourceTree = "<group>";
		};
		657F7AC01DD3864E000D111B /* Supporting Files */ = {
			isa = PBXGroup;
			children = (
				651AB8851DDFB65D001014E8 /* Neri_Watch Extension.entitlements */,
				657F7AC81DD3864E000D111B /* Assets.xcassets */,
				657F7ACA1DD3864E000D111B /* Info.plist */,
				657F7AC11DD3864E000D111B /* PushNotificationPayload.apns */,
			);
			name = "Supporting Files";
			sourceTree = "<group>";
		};
		657F7AD81DD386AB000D111B /* Supporting Files */ = {
			isa = PBXGroup;
			children = (
				657F7AB41DD3864E000D111B /* Assets.xcassets */,
				657F7AB61DD3864E000D111B /* Info.plist */,
			);
			name = "Supporting Files";
			sourceTree = "<group>";
		};
		65D170F91DCCFA720042E6B3 /* Model */ = {
			isa = PBXGroup;
			children = (
				65D170FD1DCCFAD50042E6B3 /* Elder.swift */,
				65D170FF1DCCFAE00042E6B3 /* Caretaker.swift */,
				65D171011DCCFAE90042E6B3 /* User.swift */,
				65D171031DCCFDC70042E6B3 /* ErrorType.swift */,
				EB8E50E91DE1F22700177284 /* CloudKitDAO.swift */,
			);
			name = Model;
			sourceTree = "<group>";
		};
		65D170FA1DCCFA780042E6B3 /* View */ = {
			isa = PBXGroup;
			children = (
				E10476A51DDF89ED0056D4C5 /* ProgressHUD.swift */,
				E10476A91DDF8EA70056D4C5 /* GradientView.swift */,
				E10476A71DDF8A900056D4C5 /* Main.storyboard */,
				EB5E7A1C1DCCF6440073923D /* LaunchScreen.storyboard */,
			);
			name = View;
			sourceTree = "<group>";
		};
		65D170FB1DCCFA7C0042E6B3 /* Controller */ = {
			isa = PBXGroup;
			children = (
				EB5E7A131DCCF6440073923D /* AppDelegate.swift */,
				EB5E7A151DCCF6440073923D /* ViewController.swift */,
				EB5789A11DE221DA00A0FA04 /* MainCareTakerViewController.swift */,
				EB8E50E71DE1EEF600177284 /* ElderInfoViewController.swift */,
				EB8E50EF1DE206BE00177284 /* ShareViewController.swift */,
				EB57899F1DE21B2000A0FA04 /* EnterCaretakerViewController.swift */,
			);
			name = Controller;
			sourceTree = "<group>";
		};
		65D170FC1DCCFA980042E6B3 /* Supporting Files */ = {
			isa = PBXGroup;
			children = (
				6505FD751DD65690003D2A75 /* Neri.entitlements */,
				EB5E7A1A1DCCF6440073923D /* Assets.xcassets */,
				EB5E7A1F1DCCF6440073923D /* Info.plist */,
			);
			name = "Supporting Files";
			sourceTree = "<group>";
		};
		EB5E7A071DCCF6440073923D = {
			isa = PBXGroup;
			children = (
				EB5E7A121DCCF6440073923D /* Neri_iPhone */,
				657F7AB01DD3864E000D111B /* Neri_Watch */,
				657F7ABF1DD3864E000D111B /* Neri_Watch Extension */,
				EB5E7A111DCCF6440073923D /* Products */,
				6505FD761DD65690003D2A75 /* Frameworks */,
			);
			sourceTree = "<group>";
		};
		EB5E7A111DCCF6440073923D /* Products */ = {
			isa = PBXGroup;
			children = (
				EB5E7A101DCCF6440073923D /* Neri.app */,
				657F7AAF1DD3864E000D111B /* Neri_Watch.app */,
				657F7ABB1DD3864E000D111B /* Neri_Watch Extension.appex */,
			);
			name = Products;
			sourceTree = "<group>";
		};
		EB5E7A121DCCF6440073923D /* Neri_iPhone */ = {
			isa = PBXGroup;
			children = (
				65D170F91DCCFA720042E6B3 /* Model */,
				65D170FA1DCCFA780042E6B3 /* View */,
				65D170FB1DCCFA7C0042E6B3 /* Controller */,
				65D170FC1DCCFA980042E6B3 /* Supporting Files */,
			);
			name = Neri_iPhone;
			path = Neri;
			sourceTree = "<group>";
		};
/* End PBXGroup section */

/* Begin PBXNativeTarget section */
		657F7AAE1DD3864E000D111B /* Neri_Watch */ = {
			isa = PBXNativeTarget;
			buildConfigurationList = 657F7AD41DD3864E000D111B /* Build configuration list for PBXNativeTarget "Neri_Watch" */;
			buildPhases = (
				657F7AAD1DD3864E000D111B /* Resources */,
				657F7AD31DD3864E000D111B /* Embed App Extensions */,
			);
			buildRules = (
			);
			dependencies = (
				657F7ABE1DD3864E000D111B /* PBXTargetDependency */,
			);
			name = Neri_Watch;
			productName = Neri_Watch;
			productReference = 657F7AAF1DD3864E000D111B /* Neri_Watch.app */;
			productType = "com.apple.product-type.application.watchapp2";
		};
		657F7ABA1DD3864E000D111B /* Neri_Watch Extension */ = {
			isa = PBXNativeTarget;
			buildConfigurationList = 657F7AD21DD3864E000D111B /* Build configuration list for PBXNativeTarget "Neri_Watch Extension" */;
			buildPhases = (
				657F7AB71DD3864E000D111B /* Sources */,
				657F7AB81DD3864E000D111B /* Frameworks */,
				657F7AB91DD3864E000D111B /* Resources */,
			);
			buildRules = (
			);
			dependencies = (
			);
			name = "Neri_Watch Extension";
			productName = "Neri_Watch Extension";
			productReference = 657F7ABB1DD3864E000D111B /* Neri_Watch Extension.appex */;
			productType = "com.apple.product-type.watchkit2-extension";
		};
		EB5E7A0F1DCCF6440073923D /* Neri */ = {
			isa = PBXNativeTarget;
			buildConfigurationList = EB5E7A221DCCF6440073923D /* Build configuration list for PBXNativeTarget "Neri" */;
			buildPhases = (
				EB5E7A0C1DCCF6440073923D /* Sources */,
				EB5E7A0D1DCCF6440073923D /* Frameworks */,
				EB5E7A0E1DCCF6440073923D /* Resources */,
				657F7AD51DD3864E000D111B /* Embed Watch Content */,
			);
			buildRules = (
			);
			dependencies = (
				657F7ACC1DD3864E000D111B /* PBXTargetDependency */,
			);
			name = Neri;
			productName = Neri;
			productReference = EB5E7A101DCCF6440073923D /* Neri.app */;
			productType = "com.apple.product-type.application";
		};
/* End PBXNativeTarget section */

/* Begin PBXProject section */
		EB5E7A081DCCF6440073923D /* Project object */ = {
			isa = PBXProject;
			attributes = {
				LastSwiftUpdateCheck = 0810;
				LastUpgradeCheck = 0810;
				ORGANIZATIONNAME = "Pedro de Sá";
				TargetAttributes = {
					657F7AAE1DD3864E000D111B = {
						CreatedOnToolsVersion = 8.1;
						DevelopmentTeam = 92E4YSM59Z;
						LastSwiftMigration = 0810;
						ProvisioningStyle = Automatic;
					};
					657F7ABA1DD3864E000D111B = {
						CreatedOnToolsVersion = 8.1;
						DevelopmentTeam = 92E4YSM59Z;
						ProvisioningStyle = Automatic;
						SystemCapabilities = {
							com.apple.HealthKit.watchos = {
								enabled = 1;
							};
							com.apple.Push = {
								enabled = 1;
							};
							com.apple.iCloud = {
								enabled = 1;
							};
						};
					};
					EB5E7A0F1DCCF6440073923D = {
						CreatedOnToolsVersion = 8.0;
						DevelopmentTeam = 92E4YSM59Z;
						ProvisioningStyle = Automatic;
						SystemCapabilities = {
							com.apple.HealthKit = {
								enabled = 1;
							};
							com.apple.Maps.iOS = {
								enabled = 1;
							};
							com.apple.Push = {
								enabled = 1;
							};
							com.apple.iCloud = {
								enabled = 1;
							};
						};
					};
				};
			};
			buildConfigurationList = EB5E7A0B1DCCF6440073923D /* Build configuration list for PBXProject "Neri" */;
			compatibilityVersion = "Xcode 3.2";
			developmentRegion = English;
			hasScannedForEncodings = 0;
			knownRegions = (
				en,
				Base,
			);
			mainGroup = EB5E7A071DCCF6440073923D;
			productRefGroup = EB5E7A111DCCF6440073923D /* Products */;
			projectDirPath = "";
			projectRoot = "";
			targets = (
				EB5E7A0F1DCCF6440073923D /* Neri */,
				657F7AAE1DD3864E000D111B /* Neri_Watch */,
				657F7ABA1DD3864E000D111B /* Neri_Watch Extension */,
			);
		};
/* End PBXProject section */

/* Begin PBXResourcesBuildPhase section */
		657F7AAD1DD3864E000D111B /* Resources */ = {
			isa = PBXResourcesBuildPhase;
			buildActionMask = 2147483647;
			files = (
				657F7AB51DD3864E000D111B /* Assets.xcassets in Resources */,
				656583171DE3577E00D61ECF /* Interface.storyboard in Resources */,
			);
			runOnlyForDeploymentPostprocessing = 0;
		};
		657F7AB91DD3864E000D111B /* Resources */ = {
			isa = PBXResourcesBuildPhase;
			buildActionMask = 2147483647;
			files = (
				657F7AC91DD3864E000D111B /* Assets.xcassets in Resources */,
			);
			runOnlyForDeploymentPostprocessing = 0;
		};
		EB5E7A0E1DCCF6440073923D /* Resources */ = {
			isa = PBXResourcesBuildPhase;
			buildActionMask = 2147483647;
			files = (
				E10476A81DDF8A900056D4C5 /* Main.storyboard in Resources */,
				EB5E7A1E1DCCF6440073923D /* LaunchScreen.storyboard in Resources */,
				EB5E7A1B1DCCF6440073923D /* Assets.xcassets in Resources */,
			);
			runOnlyForDeploymentPostprocessing = 0;
		};
/* End PBXResourcesBuildPhase section */

/* Begin PBXSourcesBuildPhase section */
		657F7AB71DD3864E000D111B /* Sources */ = {
			isa = PBXSourcesBuildPhase;
			buildActionMask = 2147483647;
			files = (
				657F7AC71DD3864E000D111B /* NotificationController.swift in Sources */,
				657F7AC51DD3864E000D111B /* ExtensionDelegate.swift in Sources */,
				6505FD7F1DDCDAE1003D2A75 /* HeartRateInterfaceController.swift in Sources */,
			);
			runOnlyForDeploymentPostprocessing = 0;
		};
		EB5E7A0C1DCCF6440073923D /* Sources */ = {
			isa = PBXSourcesBuildPhase;
			buildActionMask = 2147483647;
			files = (
				EB8E50E81DE1EEF600177284 /* ElderInfoViewController.swift in Sources */,
				EB8E50F01DE206BE00177284 /* ShareViewController.swift in Sources */,
				EB5E7A161DCCF6440073923D /* ViewController.swift in Sources */,
				65D171041DCCFDC70042E6B3 /* ErrorType.swift in Sources */,
				E10476A61DDF89ED0056D4C5 /* ProgressHUD.swift in Sources */,
				EB5E7A141DCCF6440073923D /* AppDelegate.swift in Sources */,
				65D171021DCCFAE90042E6B3 /* User.swift in Sources */,
				E10476AA1DDF8EA70056D4C5 /* GradientView.swift in Sources */,
				EB5789A21DE221DA00A0FA04 /* MainCareTakerViewController.swift in Sources */,
				EB5789A01DE21B2000A0FA04 /* EnterCaretakerViewController.swift in Sources */,
				65D170FE1DCCFAD50042E6B3 /* Elder.swift in Sources */,
				65D171001DCCFAE00042E6B3 /* Caretaker.swift in Sources */,
				EB8E50EA1DE1F22700177284 /* CloudKitDAO.swift in Sources */,
			);
			runOnlyForDeploymentPostprocessing = 0;
		};
/* End PBXSourcesBuildPhase section */

/* Begin PBXTargetDependency section */
		657F7ABE1DD3864E000D111B /* PBXTargetDependency */ = {
			isa = PBXTargetDependency;
			target = 657F7ABA1DD3864E000D111B /* Neri_Watch Extension */;
			targetProxy = 657F7ABD1DD3864E000D111B /* PBXContainerItemProxy */;
		};
		657F7ACC1DD3864E000D111B /* PBXTargetDependency */ = {
			isa = PBXTargetDependency;
			target = 657F7AAE1DD3864E000D111B /* Neri_Watch */;
			targetProxy = 657F7ACB1DD3864E000D111B /* PBXContainerItemProxy */;
		};
/* End PBXTargetDependency section */

/* Begin PBXVariantGroup section */
		EB5E7A1C1DCCF6440073923D /* LaunchScreen.storyboard */ = {
			isa = PBXVariantGroup;
			children = (
				EB5E7A1D1DCCF6440073923D /* Base */,
			);
			name = LaunchScreen.storyboard;
			sourceTree = "<group>";
		};
/* End PBXVariantGroup section */

/* Begin XCBuildConfiguration section */
		657F7ACE1DD3864E000D111B /* Debug */ = {
			isa = XCBuildConfiguration;
			buildSettings = {
				ALWAYS_EMBED_SWIFT_STANDARD_LIBRARIES = YES;
				ASSETCATALOG_COMPILER_APPICON_NAME = AppIcon;
				CLANG_ENABLE_MODULES = YES;
				DEVELOPMENT_TEAM = 92E4YSM59Z;
				IBSC_MODULE = Neri_Watch_Extension;
				INFOPLIST_FILE = Neri_Watch/Info.plist;
				LD_RUNPATH_SEARCH_PATHS = "$(inherited) @executable_path/../Frameworks @loader_path/../Frameworks";
				PRODUCT_BUNDLE_IDENTIFIER = pedro.Neri.watchkitapp;
				PRODUCT_NAME = "$(TARGET_NAME)";
				SDKROOT = watchos;
				SKIP_INSTALL = YES;
				SWIFT_OBJC_BRIDGING_HEADER = "Neri_Watch Extension/Neri_Watch-Bridging-Header.h";
				SWIFT_OPTIMIZATION_LEVEL = "-Onone";
				SWIFT_VERSION = 3.0;
				TARGETED_DEVICE_FAMILY = 4;
				WATCHOS_DEPLOYMENT_TARGET = 3.0;
			};
			name = Debug;
		};
		657F7ACF1DD3864E000D111B /* Release */ = {
			isa = XCBuildConfiguration;
			buildSettings = {
				ALWAYS_EMBED_SWIFT_STANDARD_LIBRARIES = YES;
				ASSETCATALOG_COMPILER_APPICON_NAME = AppIcon;
				CLANG_ENABLE_MODULES = YES;
				DEVELOPMENT_TEAM = 92E4YSM59Z;
				IBSC_MODULE = Neri_Watch_Extension;
				INFOPLIST_FILE = Neri_Watch/Info.plist;
				LD_RUNPATH_SEARCH_PATHS = "$(inherited) @executable_path/../Frameworks @loader_path/../Frameworks";
				PRODUCT_BUNDLE_IDENTIFIER = pedro.Neri.watchkitapp;
				PRODUCT_NAME = "$(TARGET_NAME)";
				SDKROOT = watchos;
				SKIP_INSTALL = YES;
				SWIFT_OBJC_BRIDGING_HEADER = "Neri_Watch Extension/Neri_Watch-Bridging-Header.h";
				SWIFT_VERSION = 3.0;
				TARGETED_DEVICE_FAMILY = 4;
				WATCHOS_DEPLOYMENT_TARGET = 3.0;
			};
			name = Release;
		};
		657F7AD01DD3864E000D111B /* Debug */ = {
			isa = XCBuildConfiguration;
			buildSettings = {
				ASSETCATALOG_COMPILER_COMPLICATION_NAME = Complication;
				CODE_SIGN_ENTITLEMENTS = "Neri_Watch Extension/Neri_Watch Extension.entitlements";
				DEVELOPMENT_TEAM = 92E4YSM59Z;
				INFOPLIST_FILE = "Neri_Watch Extension/Info.plist";
				LD_RUNPATH_SEARCH_PATHS = "$(inherited) @executable_path/Frameworks @executable_path/../../Frameworks";
				PRODUCT_BUNDLE_IDENTIFIER = pedro.Neri.watchkitapp.watchkitextension;
				PRODUCT_NAME = "${TARGET_NAME}";
				SDKROOT = watchos;
				SKIP_INSTALL = YES;
				SWIFT_VERSION = 3.0;
				TARGETED_DEVICE_FAMILY = 4;
				WATCHOS_DEPLOYMENT_TARGET = 3.0;
			};
			name = Debug;
		};
		657F7AD11DD3864E000D111B /* Release */ = {
			isa = XCBuildConfiguration;
			buildSettings = {
				ASSETCATALOG_COMPILER_COMPLICATION_NAME = Complication;
				CODE_SIGN_ENTITLEMENTS = "Neri_Watch Extension/Neri_Watch Extension.entitlements";
				DEVELOPMENT_TEAM = 92E4YSM59Z;
				INFOPLIST_FILE = "Neri_Watch Extension/Info.plist";
				LD_RUNPATH_SEARCH_PATHS = "$(inherited) @executable_path/Frameworks @executable_path/../../Frameworks";
				PRODUCT_BUNDLE_IDENTIFIER = pedro.Neri.watchkitapp.watchkitextension;
				PRODUCT_NAME = "${TARGET_NAME}";
				SDKROOT = watchos;
				SKIP_INSTALL = YES;
				SWIFT_VERSION = 3.0;
				TARGETED_DEVICE_FAMILY = 4;
				WATCHOS_DEPLOYMENT_TARGET = 3.0;
			};
			name = Release;
		};
		EB5E7A201DCCF6440073923D /* Debug */ = {
			isa = XCBuildConfiguration;
			buildSettings = {
				ALWAYS_SEARCH_USER_PATHS = NO;
				CLANG_ANALYZER_NONNULL = YES;
				CLANG_CXX_LANGUAGE_STANDARD = "gnu++0x";
				CLANG_CXX_LIBRARY = "libc++";
				CLANG_ENABLE_MODULES = YES;
				CLANG_ENABLE_OBJC_ARC = YES;
				CLANG_WARN_BOOL_CONVERSION = YES;
				CLANG_WARN_CONSTANT_CONVERSION = YES;
				CLANG_WARN_DIRECT_OBJC_ISA_USAGE = YES_ERROR;
				CLANG_WARN_DOCUMENTATION_COMMENTS = YES;
				CLANG_WARN_EMPTY_BODY = YES;
				CLANG_WARN_ENUM_CONVERSION = YES;
				CLANG_WARN_INFINITE_RECURSION = YES;
				CLANG_WARN_INT_CONVERSION = YES;
				CLANG_WARN_OBJC_ROOT_CLASS = YES_ERROR;
				CLANG_WARN_SUSPICIOUS_MOVE = YES;
				CLANG_WARN_SUSPICIOUS_MOVES = YES;
				CLANG_WARN_UNREACHABLE_CODE = YES;
				CLANG_WARN__DUPLICATE_METHOD_MATCH = YES;
				"CODE_SIGN_IDENTITY[sdk=iphoneos*]" = "iPhone Developer";
				COPY_PHASE_STRIP = NO;
				DEBUG_INFORMATION_FORMAT = dwarf;
				ENABLE_STRICT_OBJC_MSGSEND = YES;
				ENABLE_TESTABILITY = YES;
				GCC_C_LANGUAGE_STANDARD = gnu99;
				GCC_DYNAMIC_NO_PIC = NO;
				GCC_NO_COMMON_BLOCKS = YES;
				GCC_OPTIMIZATION_LEVEL = 0;
				GCC_PREPROCESSOR_DEFINITIONS = (
					"DEBUG=1",
					"$(inherited)",
				);
				GCC_WARN_64_TO_32_BIT_CONVERSION = YES;
				GCC_WARN_ABOUT_RETURN_TYPE = YES_ERROR;
				GCC_WARN_UNDECLARED_SELECTOR = YES;
				GCC_WARN_UNINITIALIZED_AUTOS = YES_AGGRESSIVE;
				GCC_WARN_UNUSED_FUNCTION = YES;
				GCC_WARN_UNUSED_VARIABLE = YES;
				IPHONEOS_DEPLOYMENT_TARGET = 10.0;
				MTL_ENABLE_DEBUG_INFO = YES;
				ONLY_ACTIVE_ARCH = YES;
				SDKROOT = iphoneos;
				SWIFT_ACTIVE_COMPILATION_CONDITIONS = DEBUG;
				SWIFT_OPTIMIZATION_LEVEL = "-Onone";
				TARGETED_DEVICE_FAMILY = "1,2";
			};
			name = Debug;
		};
		EB5E7A211DCCF6440073923D /* Release */ = {
			isa = XCBuildConfiguration;
			buildSettings = {
				ALWAYS_SEARCH_USER_PATHS = NO;
				CLANG_ANALYZER_NONNULL = YES;
				CLANG_CXX_LANGUAGE_STANDARD = "gnu++0x";
				CLANG_CXX_LIBRARY = "libc++";
				CLANG_ENABLE_MODULES = YES;
				CLANG_ENABLE_OBJC_ARC = YES;
				CLANG_WARN_BOOL_CONVERSION = YES;
				CLANG_WARN_CONSTANT_CONVERSION = YES;
				CLANG_WARN_DIRECT_OBJC_ISA_USAGE = YES_ERROR;
				CLANG_WARN_DOCUMENTATION_COMMENTS = YES;
				CLANG_WARN_EMPTY_BODY = YES;
				CLANG_WARN_ENUM_CONVERSION = YES;
				CLANG_WARN_INFINITE_RECURSION = YES;
				CLANG_WARN_INT_CONVERSION = YES;
				CLANG_WARN_OBJC_ROOT_CLASS = YES_ERROR;
				CLANG_WARN_SUSPICIOUS_MOVE = YES;
				CLANG_WARN_SUSPICIOUS_MOVES = YES;
				CLANG_WARN_UNREACHABLE_CODE = YES;
				CLANG_WARN__DUPLICATE_METHOD_MATCH = YES;
				"CODE_SIGN_IDENTITY[sdk=iphoneos*]" = "iPhone Developer";
				COPY_PHASE_STRIP = NO;
				DEBUG_INFORMATION_FORMAT = "dwarf-with-dsym";
				ENABLE_NS_ASSERTIONS = NO;
				ENABLE_STRICT_OBJC_MSGSEND = YES;
				GCC_C_LANGUAGE_STANDARD = gnu99;
				GCC_NO_COMMON_BLOCKS = YES;
				GCC_WARN_64_TO_32_BIT_CONVERSION = YES;
				GCC_WARN_ABOUT_RETURN_TYPE = YES_ERROR;
				GCC_WARN_UNDECLARED_SELECTOR = YES;
				GCC_WARN_UNINITIALIZED_AUTOS = YES_AGGRESSIVE;
				GCC_WARN_UNUSED_FUNCTION = YES;
				GCC_WARN_UNUSED_VARIABLE = YES;
				IPHONEOS_DEPLOYMENT_TARGET = 10.0;
				MTL_ENABLE_DEBUG_INFO = NO;
				SDKROOT = iphoneos;
				SWIFT_OPTIMIZATION_LEVEL = "-Owholemodule";
				TARGETED_DEVICE_FAMILY = "1,2";
				VALIDATE_PRODUCT = YES;
			};
			name = Release;
		};
		EB5E7A231DCCF6440073923D /* Debug */ = {
			isa = XCBuildConfiguration;
			buildSettings = {
				ASSETCATALOG_COMPILER_APPICON_NAME = AppIcon;
				CODE_SIGN_ENTITLEMENTS = Neri/Neri.entitlements;
				DEVELOPMENT_TEAM = 92E4YSM59Z;
				INFOPLIST_FILE = Neri/Info.plist;
				LD_RUNPATH_SEARCH_PATHS = "$(inherited) @executable_path/Frameworks";
				PRODUCT_BUNDLE_IDENTIFIER = pedro.Neri;
				PRODUCT_NAME = "$(TARGET_NAME)";
				SWIFT_VERSION = 3.0;
				TARGETED_DEVICE_FAMILY = 1;
			};
			name = Debug;
		};
		EB5E7A241DCCF6440073923D /* Release */ = {
			isa = XCBuildConfiguration;
			buildSettings = {
				ASSETCATALOG_COMPILER_APPICON_NAME = AppIcon;
				CODE_SIGN_ENTITLEMENTS = Neri/Neri.entitlements;
				DEVELOPMENT_TEAM = 92E4YSM59Z;
				INFOPLIST_FILE = Neri/Info.plist;
				LD_RUNPATH_SEARCH_PATHS = "$(inherited) @executable_path/Frameworks";
				PRODUCT_BUNDLE_IDENTIFIER = pedro.Neri;
				PRODUCT_NAME = "$(TARGET_NAME)";
				SWIFT_VERSION = 3.0;
				TARGETED_DEVICE_FAMILY = 1;
			};
			name = Release;
		};
/* End XCBuildConfiguration section */

/* Begin XCConfigurationList section */
		657F7AD21DD3864E000D111B /* Build configuration list for PBXNativeTarget "Neri_Watch Extension" */ = {
			isa = XCConfigurationList;
			buildConfigurations = (
				657F7AD01DD3864E000D111B /* Debug */,
				657F7AD11DD3864E000D111B /* Release */,
			);
			defaultConfigurationIsVisible = 0;
			defaultConfigurationName = Release;
		};
		657F7AD41DD3864E000D111B /* Build configuration list for PBXNativeTarget "Neri_Watch" */ = {
			isa = XCConfigurationList;
			buildConfigurations = (
				657F7ACE1DD3864E000D111B /* Debug */,
				657F7ACF1DD3864E000D111B /* Release */,
			);
			defaultConfigurationIsVisible = 0;
			defaultConfigurationName = Release;
		};
		EB5E7A0B1DCCF6440073923D /* Build configuration list for PBXProject "Neri" */ = {
			isa = XCConfigurationList;
			buildConfigurations = (
				EB5E7A201DCCF6440073923D /* Debug */,
				EB5E7A211DCCF6440073923D /* Release */,
			);
			defaultConfigurationIsVisible = 0;
			defaultConfigurationName = Release;
		};
		EB5E7A221DCCF6440073923D /* Build configuration list for PBXNativeTarget "Neri" */ = {
			isa = XCConfigurationList;
			buildConfigurations = (
				EB5E7A231DCCF6440073923D /* Debug */,
				EB5E7A241DCCF6440073923D /* Release */,
			);
			defaultConfigurationIsVisible = 0;
			defaultConfigurationName = Release;
		};
/* End XCConfigurationList section */
	};
	rootObject = EB5E7A081DCCF6440073923D /* Project object */;
}
